<?xml version="1.0" encoding="utf-8"?>
<Project ToolsVersion="4.0" xmlns="http://schemas.microsoft.com/developer/msbuild/2003">
  <ItemGroup>
    <Filter Include="Source Files">
      <UniqueIdentifier>{4FC737F1-C7A5-4376-A066-2A32D752A2FF}</UniqueIdentifier>
      <Extensions>cpp;c;cc;cxx;def;odl;idl;hpj;bat;asm;asmx</Extensions>
    </Filter>
  </ItemGroup>
  <ItemGroup>
    <ClCompile Include=".\arena.c">
      <Filter>Source Files</Filter>
    </ClCompile>
    <ClCompile Include=".\background_thread.c">
      <Filter>Source Files</Filter>
    </ClCompile>
    <ClCompile Include=".\base.c">
      <Filter>Source Files</Filter>
    </ClCompile>
    <ClCompile Include=".\bitmap.c">
      <Filter>Source Files</Filter>
    </ClCompile>
    <ClCompile Include=".\ckh.c">
      <Filter>Source Files</Filter>
    </ClCompile>
    <ClCompile Include=".\ctl.c">
      <Filter>Source Files</Filter>
    </ClCompile>
    <ClCompile Include=".\extent.c">
      <Filter>Source Files</Filter>
    </ClCompile>
    <ClCompile Include=".\extent_dss.c">
      <Filter>Source Files</Filter>
    </ClCompile>
    <ClCompile Include=".\extent_mmap.c">
      <Filter>Source Files</Filter>
    </ClCompile>
    <ClCompile Include=".\hash.c">
      <Filter>Source Files</Filter>
    </ClCompile>
    <ClCompile Include=".\hook.c">
      <Filter>Source Files</Filter>
    </ClCompile>
    <ClCompile Include=".\jemalloc.c">
      <Filter>Source Files</Filter>
    </ClCompile>
    <ClCompile Include=".\large.c">
      <Filter>Source Files</Filter>
    </ClCompile>
    <ClCompile Include=".\malloc_io.c">
      <Filter>Source Files</Filter>
    </ClCompile>
    <ClCompile Include=".\mutex.c">
      <Filter>Source Files</Filter>
    </ClCompile>
    <ClCompile Include=".\mutex_pool.c">
      <Filter>Source Files</Filter>
    </ClCompile>
    <ClCompile Include=".\nstime.c">
      <Filter>Source Files</Filter>
    </ClCompile>
    <ClCompile Include=".\pages.c">
      <Filter>Source Files</Filter>
    </ClCompile>
    <ClCompile Include=".\prng.c">
      <Filter>Source Files</Filter>
    </ClCompile>
    <ClCompile Include=".\prof.c">
      <Filter>Source Files</Filter>
    </ClCompile>
    <ClCompile Include=".\rtree.c">
      <Filter>Source Files</Filter>
    </ClCompile>
    <ClCompile Include=".\sc.c">
      <Filter>Source Files</Filter>
    </ClCompile>
    <ClCompile Include=".\stats.c">
      <Filter>Source Files</Filter>
    </ClCompile>
    <ClCompile Include=".\sz.c">
      <Filter>Source Files</Filter>
    </ClCompile>
    <ClCompile Include=".\tcache.c">
      <Filter>Source Files</Filter>
    </ClCompile>
    <ClCompile Include=".\ticker.c">
      <Filter>Source Files</Filter>
    </ClCompile>
    <ClCompile Include=".\tsd.c">
      <Filter>Source Files</Filter>
    </ClCompile>
    <ClCompile Include=".\witness.c">
      <Filter>Source Files</Filter>
    </ClCompile>
    <ClCompile Include=".\log.c">
      <Filter>Source Files</Filter>
    </ClCompile>
    <ClCompile Include=".\bin.c">
      <Filter>Source Files</Filter>
    </ClCompile>
    <ClCompile Include=".\div.c">
      <Filter>Source Files</Filter>
    </ClCompile>
    <ClCompile Include=".\test_hooks.c">
      <Filter>Source Files</Filter>
    </ClCompile>
    <ClCompile Include=".\safety_check.c">
      <Filter>Source Files</Filter>
    </ClCompile>
  </ItemGroup>
</Project>
