<?xml version="1.0" encoding="utf-8"?>
<Project ToolsVersion="4.0" xmlns="http://schemas.microsoft.com/developer/msbuild/2003">
  <ItemGroup>
    <Filter Include="Sources">
      <UniqueIdentifier>{1a377751-d14a-4d65-a211-68b2c3e11388}</UniqueIdentifier>
    </Filter>
    <Filter Include="Sources\EASTL">
      <UniqueIdentifier>{7bdc5425-0bb9-4b74-a9cd-8497cbd48f3f}</UniqueIdentifier>
    </Filter>
    <Filter Include="Sources\EAStdC">
      <UniqueIdentifier>{bfdc4dd3-5d6e-4e9c-bf58-185d8c110ffa}</UniqueIdentifier>
    </Filter>
  </ItemGroup>
  <ItemGroup>
    <ClCompile Include="Sources\EASTL\allocator_eastl.cpp">
      <Filter>Sources\EASTL</Filter>
    </ClCompile>
    <ClCompile Include="Sources\EASTL\assert.cpp">
      <Filter>Sources\EASTL</Filter>
    </ClCompile>
    <ClCompile Include="Sources\EASTL\fixed_pool.cpp">
      <Filter>Sources\EASTL</Filter>
    </ClCompile>
    <ClCompile Include="Sources\EASTL\hashtable.cpp">
      <Filter>Sources\EASTL</Filter>
    </ClCompile>
    <ClCompile Include="Sources\EASTL\intrusive_list.cpp">
      <Filter>Sources\EASTL</Filter>
    </ClCompile>
    <ClCompile Include="Sources\EASTL\numeric_limits.cpp">
      <Filter>Sources\EASTL</Filter>
    </ClCompile>
    <ClCompile Include="Sources\EASTL\red_black_tree.cpp">
      <Filter>Sources\EASTL</Filter>
    </ClCompile>
    <ClCompile Include="Sources\EASTL\string.cpp">
      <Filter>Sources\EASTL</Filter>
    </ClCompile>
    <ClCompile Include="Sources\EASTL\thread_support.cpp">
      <Filter>Sources\EASTL</Filter>
    </ClCompile>
    <ClCompile Include="defaultAllocator.cpp" />
    <ClCompile Include="Sources\EAStdC\EACallback.cpp">
      <Filter>Sources\EAStdC</Filter>
    </ClCompile>
    <ClCompile Include="Sources\EAStdC\EACType.cpp">
      <Filter>Sources\EAStdC</Filter>
    </ClCompile>
    <ClCompile Include="Sources\EAStdC\EAFixedPoint.cpp">
      <Filter>Sources\EAStdC</Filter>
    </ClCompile>
    <ClCompile Include="Sources\EAStdC\EAHashCRC.cpp">
      <Filter>Sources\EAStdC</Filter>
    </ClCompile>
    <ClCompile Include="Sources\EAStdC\EAHashString.cpp">
      <Filter>Sources\EAStdC</Filter>
    </ClCompile>
    <ClCompile Include="Sources\EAStdC\EAMemory.cpp">
      <Filter>Sources\EAStdC</Filter>
    </ClCompile>
    <ClCompile Include="Sources\EAStdC\EARandom.cpp">
      <Filter>Sources\EAStdC</Filter>
    </ClCompile>
    <ClCompile Include="Sources\EAStdC\EAScanf.cpp">
      <Filter>Sources\EAStdC</Filter>
    </ClCompile>
    <ClCompile Include="Sources\EAStdC\EAScanfCore.cpp">
      <Filter>Sources\EAStdC</Filter>
    </ClCompile>
    <ClCompile Include="Sources\EAStdC\EASprintf.cpp">
      <Filter>Sources\EAStdC</Filter>
    </ClCompile>
    <ClCompile Include="Sources\EAStdC\EASprintfCore.cpp">
      <Filter>Sources\EAStdC</Filter>
    </ClCompile>
    <ClCompile Include="Sources\EAStdC\EASprintfOrdered.cpp">
      <Filter>Sources\EAStdC</Filter>
    </ClCompile>
    <ClCompile Include="Sources\EAStdC\EAStdC.cpp">
      <Filter>Sources\EAStdC</Filter>
    </ClCompile>
    <ClCompile Include="Sources\EAStdC\EAString.cpp">
      <Filter>Sources\EAStdC</Filter>
    </ClCompile>
    <ClCompile Include="Sources\EAStdC\EATextUtil.cpp">
      <Filter>Sources\EAStdC</Filter>
    </ClCompile>
    <ClCompile Include="Sources\EAStdC\Int128_t.cpp">
      <Filter>Sources\EAStdC</Filter>
    </ClCompile>
  </ItemGroup>
  <ItemGroup>
    <Natvis Include="EASTL.natvis" />
  </ItemGroup>
</Project>